
Microsoft Visual Studio Solution File, Format Version 12.00
# Visual Studio 15
VisualStudioVersion = 15.0.27428.2037
MinimumVisualStudioVersion = 10.0.40219.1
Project("{FAE04EC0-301F-11D3-BF4B-00C04F79EFBC}") = "FakeNEP5", "FakeNEP5\FakeNEP5.csproj", "{317CE986-ACFF-44BD-BA9B-34868A84BCC1}"
EndProject
Global
	GlobalSection(SolutionConfigurationPlatforms) = preSolution
		Debug|Any CPU = Debug|Any CPU
		Release|Any CPU = Release|Any CPU
	EndGlobalSection
	GlobalSection(ProjectConfigurationPlatforms) = postSolution
		{317CE986-ACFF-44BD-BA9B-34868A84BCC1}.Debug|Any CPU.ActiveCfg = Debug|Any CPU
		{317CE986-ACFF-44BD-BA9B-34868A84BCC1}.Debug|Any CPU.Build.0 = Debug|Any CPU
		{317CE986-ACFF-44BD-BA9B-34868A84BCC1}.Release|Any CPU.ActiveCfg = Release|Any CPU
		{317CE986-ACFF-44BD-BA9B-34868A84BCC1}.Release|Any CPU.Build.0 = Release|Any CPU
	EndGlobalSection
	GlobalSection(SolutionProperties) = preSolution
		HideSolutionNode = FALSE
	EndGlobalSection
	GlobalSection(ExtensibilityGlobals) = postSolution
		SolutionGuid = {44AAB879-F008-4492-ACA8-70ABE89473C9}
	EndGlobalSection
EndGlobal
