
Microsoft Visual Studio Solution File, Format Version 12.00
# Visual Studio Version 16
VisualStudioVersion = 16.0.28803.202
MinimumVisualStudioVersion = 10.0.40219.1
Project("{9A19103F-16F7-4668-BE54-9A1E7A4F7556}") = "NeoStatsPlugin", "NeoStatsPlugin.csproj", "{6ED9F3D5-A2C3-45B0-9F73-065DCB8574A2}"
EndProject
Global
	GlobalSection(SolutionConfigurationPlatforms) = preSolution
		Debug|Any CPU = Debug|Any CPU
		Release|Any CPU = Release|Any CPU
	EndGlobalSection
	GlobalSection(ProjectConfigurationPlatforms) = postSolution
		{6ED9F3D5-A2C3-45B0-9F73-065DCB8574A2}.Debug|Any CPU.ActiveCfg = Debug|Any CPU
		{6ED9F3D5-A2C3-45B0-9F73-065DCB8574A2}.Debug|Any CPU.Build.0 = Debug|Any CPU
		{6ED9F3D5-A2C3-45B0-9F73-065DCB8574A2}.Release|Any CPU.ActiveCfg = Release|Any CPU
		{6ED9F3D5-A2C3-45B0-9F73-065DCB8574A2}.Release|Any CPU.Build.0 = Release|Any CPU
	EndGlobalSection
	GlobalSection(SolutionProperties) = preSolution
		HideSolutionNode = FALSE
	EndGlobalSection
	GlobalSection(ExtensibilityGlobals) = postSolution
		SolutionGuid = {801DAA46-07A6-4487-8869-1B8F947BF165}
	EndGlobalSection
EndGlobal
